
Microsoft Visual Studio Solution File, Format Version 12.00
# Visual Studio Version 16
VisualStudioVersion = 16.0.29613.14
MinimumVisualStudioVersion = 15.0.26124.0
Project("{6EC3EE1D-3C4E-46DD-8F32-0CC8E7565705}") = "Analyzer", "src\Analyzer\Analyzer.fsproj", "{DF3BF264-F0B6-4747-93FB-5E77D4979B93}"
EndProject
Project("{2150E333-8FDC-42A3-9474-1A3956D46DE8}") = "Solution Items", "Solution Items", "{6070D8C9-D0A2-49FF-8A08-FBA5EDEB2999}"
	ProjectSection(SolutionItems) = preProject
		.gitignore = .gitignore
		package.json = package.json
		paket.dependencies = paket.dependencies
		paket.lock = paket.lock
		README.md = README.md
		webpack.config.js = webpack.config.js
		yarn.lock = yarn.lock
	EndProjectSection
EndProject
Project("{6EC3EE1D-3C4E-46DD-8F32-0CC8E7565705}") = "Client", "src\Client\Client.fsproj", "{EA94AB0D-7623-4A85-AC3B-3B7B08BABEB9}"
EndProject
Global
	GlobalSection(SolutionConfigurationPlatforms) = preSolution
		Debug|Any CPU = Debug|Any CPU
		Debug|x64 = Debug|x64
		Debug|x86 = Debug|x86
		Release|Any CPU = Release|Any CPU
		Release|x64 = Release|x64
		Release|x86 = Release|x86
	EndGlobalSection
	GlobalSection(ProjectConfigurationPlatforms) = postSolution
		{DF3BF264-F0B6-4747-93FB-5E77D4979B93}.Debug|Any CPU.ActiveCfg = Debug|Any CPU
		{DF3BF264-F0B6-4747-93FB-5E77D4979B93}.Debug|Any CPU.Build.0 = Debug|Any CPU
		{DF3BF264-F0B6-4747-93FB-5E77D4979B93}.Debug|x64.ActiveCfg = Debug|Any CPU
		{DF3BF264-F0B6-4747-93FB-5E77D4979B93}.Debug|x64.Build.0 = Debug|Any CPU
		{DF3BF264-F0B6-4747-93FB-5E77D4979B93}.Debug|x86.ActiveCfg = Debug|Any CPU
		{DF3BF264-F0B6-4747-93FB-5E77D4979B93}.Debug|x86.Build.0 = Debug|Any CPU
		{DF3BF264-F0B6-4747-93FB-5E77D4979B93}.Release|Any CPU.ActiveCfg = Release|Any CPU
		{DF3BF264-F0B6-4747-93FB-5E77D4979B93}.Release|Any CPU.Build.0 = Release|Any CPU
		{DF3BF264-F0B6-4747-93FB-5E77D4979B93}.Release|x64.ActiveCfg = Release|Any CPU
		{DF3BF264-F0B6-4747-93FB-5E77D4979B93}.Release|x64.Build.0 = Release|Any CPU
		{DF3BF264-F0B6-4747-93FB-5E77D4979B93}.Release|x86.ActiveCfg = Release|Any CPU
		{DF3BF264-F0B6-4747-93FB-5E77D4979B93}.Release|x86.Build.0 = Release|Any CPU
		{EA94AB0D-7623-4A85-AC3B-3B7B08BABEB9}.Debug|Any CPU.ActiveCfg = Debug|Any CPU
		{EA94AB0D-7623-4A85-AC3B-3B7B08BABEB9}.Debug|Any CPU.Build.0 = Debug|Any CPU
		{EA94AB0D-7623-4A85-AC3B-3B7B08BABEB9}.Debug|x64.ActiveCfg = Debug|Any CPU
		{EA94AB0D-7623-4A85-AC3B-3B7B08BABEB9}.Debug|x64.Build.0 = Debug|Any CPU
		{EA94AB0D-7623-4A85-AC3B-3B7B08BABEB9}.Debug|x86.ActiveCfg = Debug|Any CPU
		{EA94AB0D-7623-4A85-AC3B-3B7B08BABEB9}.Debug|x86.Build.0 = Debug|Any CPU
		{EA94AB0D-7623-4A85-AC3B-3B7B08BABEB9}.Release|Any CPU.ActiveCfg = Release|Any CPU
		{EA94AB0D-7623-4A85-AC3B-3B7B08BABEB9}.Release|Any CPU.Build.0 = Release|Any CPU
		{EA94AB0D-7623-4A85-AC3B-3B7B08BABEB9}.Release|x64.ActiveCfg = Release|Any CPU
		{EA94AB0D-7623-4A85-AC3B-3B7B08BABEB9}.Release|x64.Build.0 = Release|Any CPU
		{EA94AB0D-7623-4A85-AC3B-3B7B08BABEB9}.Release|x86.ActiveCfg = Release|Any CPU
		{EA94AB0D-7623-4A85-AC3B-3B7B08BABEB9}.Release|x86.Build.0 = Release|Any CPU
	EndGlobalSection
	GlobalSection(SolutionProperties) = preSolution
		HideSolutionNode = FALSE
	EndGlobalSection
	GlobalSection(ExtensibilityGlobals) = postSolution
		SolutionGuid = {2630EEB1-0B38-4334-A41C-8873FB9B3948}
	EndGlobalSection
EndGlobal
